// !$*UTF8*$!
{
	archiveVersion = 1;
	classes = {
	};
	objectVersion = 46;
	objects = {

/* Begin PBXBuildFile section */
		3D6BAD8014F82E0C00F4F839 /* UIKit.framework in Frameworks */ = {isa = PBXBuildFile; fileRef = 3D6BAD7F14F82E0C00F4F839 /* UIKit.framework */; };
		3D6BAD8214F82E0C00F4F839 /* Foundation.framework in Frameworks */ = {isa = PBXBuildFile; fileRef = 3D6BAD8114F82E0C00F4F839 /* Foundation.framework */; };
		3D6BAD8414F82E0C00F4F839 /* CoreGraphics.framework in Frameworks */ = {isa = PBXBuildFile; fileRef = 3D6BAD8314F82E0C00F4F839 /* CoreGraphics.framework */; };
		3D6BAD8A14F82E0C00F4F839 /* InfoPlist.strings in Resources */ = {isa = PBXBuildFile; fileRef = 3D6BAD8814F82E0C00F4F839 /* InfoPlist.strings */; };
		3D6BAD8C14F82E0C00F4F839 /* main.m in Sources */ = {isa = PBXBuildFile; fileRef = 3D6BAD8B14F82E0C00F4F839 /* main.m */; };
		3D6BAD9014F82E0C00F4F839 /* AppDelegate.m in Sources */ = {isa = PBXBuildFile; fileRef = 3D6BAD8F14F82E0C00F4F839 /* AppDelegate.m */; };
		3D6BAD9314F82E0C00F4F839 /* MasterViewController.m in Sources */ = {isa = PBXBuildFile; fileRef = 3D6BAD9214F82E0C00F4F839 /* MasterViewController.m */; };
		3D6BAD9614F82E0C00F4F839 /* DetailViewController.m in Sources */ = {isa = PBXBuildFile; fileRef = 3D6BAD9514F82E0C00F4F839 /* DetailViewController.m */; };
		3D6BAD9914F82E0C00F4F839 /* MasterViewController.xib in Resources */ = {isa = PBXBuildFile; fileRef = 3D6BAD9714F82E0C00F4F839 /* MasterViewController.xib */; };
		3D6BAD9C14F82E0C00F4F839 /* DetailViewController.xib in Resources */ = {isa = PBXBuildFile; fileRef = 3D6BAD9A14F82E0C00F4F839 /* DetailViewController.xib */; };
/* End PBXBuildFile section */

/* Begin PBXFileReference section */
		3D6BAD7B14F82E0C00F4F839 /* iStorage.app */ = {isa = PBXFileReference; explicitFileType = wrapper.application; includeInIndex = 0; path = iStorage.app; sourceTree = BUILT_PRODUCTS_DIR; };
		3D6BAD7F14F82E0C00F4F839 /* UIKit.framework */ = {isa = PBXFileReference; lastKnownFileType = wrapper.framework; name = UIKit.framework; path = System/Library/Frameworks/UIKit.framework; sourceTree = SDKROOT; };
		3D6BAD8114F82E0C00F4F839 /* Foundation.framework */ = {isa = PBXFileReference; lastKnownFileType = wrapper.framework; name = Foundation.framework; path = System/Library/Frameworks/Foundation.framework; sourceTree = SDKROOT; };
		3D6BAD8314F82E0C00F4F839 /* CoreGraphics.framework */ = {isa = PBXFileReference; lastKnownFileType = wrapper.framework; name = CoreGraphics.framework; path = System/Library/Frameworks/CoreGraphics.framework; sourceTree = SDKROOT; };
		3D6BAD8714F82E0C00F4F839 /* iStorage-Info.plist */ = {isa = PBXFileReference; path = "iStorage-Info.plist"; sourceTree = "<group>"; };
		3D6BAD8914F82E0C00F4F839 /* en */ = {isa = PBXFileReference; lastKnownFileType = text.plist.strings; name = en; path = en.lproj/InfoPlist.strings; sourceTree = "<group>"; };
		3D6BAD8B14F82E0C00F4F839 /* main.m */ = {isa = PBXFileReference; lastKnownFileType = sourcecode.c.objc; path = main.m; sourceTree = "<group>"; };
		3D6BAD8D14F82E0C00F4F839 /* iStorage-Prefix.pch */ = {isa = PBXFileReference; path = "iStorage-Prefix.pch"; sourceTree = "<group>"; };
		3D6BAD8E14F82E0C00F4F839 /* AppDelegate.h */ = {isa = PBXFileReference; path = AppDelegate.h; sourceTree = "<group>"; };
		3D6BAD8F14F82E0C00F4F839 /* AppDelegate.m */ = {isa = PBXFileReference; lastKnownFileType = sourcecode.c.objc; path = AppDelegate.m; sourceTree = "<group>"; };
		3D6BAD9114F82E0C00F4F839 /* MasterViewController.h */ = {isa = PBXFileReference; path = MasterViewController.h; sourceTree = "<group>"; };
		3D6BAD9214F82E0C00F4F839 /* MasterViewController.m */ = {isa = PBXFileReference; lastKnownFileType = sourcecode.c.objc; path = MasterViewController.m; sourceTree = "<group>"; };
		3D6BAD9414F82E0C00F4F839 /* DetailViewController.h */ = {isa = PBXFileReference; path = DetailViewController.h; sourceTree = "<group>"; };
		3D6BAD9514F82E0C00F4F839 /* DetailViewController.m */ = {isa = PBXFileReference; lastKnownFileType = sourcecode.c.objc; path = DetailViewController.m; sourceTree = "<group>"; };
		3D6BAD9814F82E0C00F4F839 /* en */ = {isa = PBXFileReference; lastKnownFileType = file.xib; name = en; path = en.lproj/MasterViewController.xib; sourceTree = "<group>"; };
		3D6BAD9B14F82E0C00F4F839 /* en */ = {isa = PBXFileReference; lastKnownFileType = file.xib; name = en; path = en.lproj/DetailViewController.xib; sourceTree = "<group>"; };
/* End PBXFileReference section */

/* Begin PBXFrameworksBuildPhase section */
		3D6BAD7814F82E0C00F4F839 /* Frameworks */ = {
			isa = PBXFrameworksBuildPhase;
			buildActionMask = 2147483647;
			files = (
				3D6BAD8014F82E0C00F4F839 /* UIKit.framework in Frameworks */,
				3D6BAD8214F82E0C00F4F839 /* Foundation.framework in Frameworks */,
				3D6BAD8414F82E0C00F4F839 /* CoreGraphics.framework in Frameworks */,
			);
			runOnlyForDeploymentPostprocessing = 0;
		};
/* End PBXFrameworksBuildPhase section */

/* Begin PBXGroup section */
		3D6BAD7014F82E0C00F4F839 = {
			isa = PBXGroup;
			children = (
				3D6BAD8514F82E0C00F4F839 /* iStorage */,
				3D6BAD7E14F82E0C00F4F839 /* Frameworks */,
				3D6BAD7C14F82E0C00F4F839 /* Products */,
			);
			sourceTree = "<group>";
		};
		3D6BAD7C14F82E0C00F4F839 /* Products */ = {
			isa = PBXGroup;
			children = (
				3D6BAD7B14F82E0C00F4F839 /* iStorage.app */,
			);
			name = Products;
			sourceTree = "<group>";
		};
		3D6BAD7E14F82E0C00F4F839 /* Frameworks */ = {
			isa = PBXGroup;
			children = (
				3D6BAD7F14F82E0C00F4F839 /* UIKit.framework */,
				3D6BAD8114F82E0C00F4F839 /* Foundation.framework */,
				3D6BAD8314F82E0C00F4F839 /* CoreGraphics.framework */,
			);
			name = Frameworks;
			sourceTree = "<group>";
		};
		3D6BAD8514F82E0C00F4F839 /* iStorage */ = {
			isa = PBXGroup;
			children = (
				3D6BAD8E14F82E0C00F4F839 /* AppDelegate.h */,
				3D6BAD8F14F82E0C00F4F839 /* AppDelegate.m */,
				3D6BAD9114F82E0C00F4F839 /* MasterViewController.h */,
				3D6BAD9214F82E0C00F4F839 /* MasterViewController.m */,
				3D6BAD9414F82E0C00F4F839 /* DetailViewController.h */,
				3D6BAD9514F82E0C00F4F839 /* DetailViewController.m */,
				3D6BAD9714F82E0C00F4F839 /* MasterViewController.xib */,
				3D6BAD9A14F82E0C00F4F839 /* DetailViewController.xib */,
				3D6BAD8614F82E0C00F4F839 /* Supporting Files */,
			);
			path = iStorage;
			sourceTree = "<group>";
		};
		3D6BAD8614F82E0C00F4F839 /* Supporting Files */ = {
			isa = PBXGroup;
			children = (
				3D6BAD8714F82E0C00F4F839 /* iStorage-Info.plist */,
				3D6BAD8814F82E0C00F4F839 /* InfoPlist.strings */,
				3D6BAD8B14F82E0C00F4F839 /* main.m */,
				3D6BAD8D14F82E0C00F4F839 /* iStorage-Prefix.pch */,
			);
			name = "Supporting Files";
			sourceTree = "<group>";
		};
/* End PBXGroup section */

/* Begin PBXNativeTarget section */
		3D6BAD7A14F82E0C00F4F839 /* iStorage */ = {
			isa = PBXNativeTarget;
			buildConfigurationList = 3D6BAD9F14F82E0C00F4F839 /* Build configuration list for PBXNativeTarget "iStorage" */;
			buildPhases = (
				3D6BAD7714F82E0C00F4F839 /* Sources */,
				3D6BAD7814F82E0C00F4F839 /* Frameworks */,
				3D6BAD7914F82E0C00F4F839 /* Resources */,
			);
			buildRules = (
			);
			dependencies = (
			);
			name = iStorage;
			productName = iStorage;
			productReference = 3D6BAD7B14F82E0C00F4F839 /* iStorage.app */;
			productType = "com.apple.product-type.application";
		};
/* End PBXNativeTarget section */

/* Begin PBXProject section */
		3D6BAD7214F82E0C00F4F839 /* Project object */ = {
			isa = PBXProject;
			attributes = {
				LastUpgradeCheck = 0420;
			};
			buildConfigurationList = 3D6BAD7514F82E0C00F4F839 /* Build configuration list for PBXProject "iStorage" */;
			compatibilityVersion = "Xcode 3.2";
			developmentRegion = English;
			hasScannedForEncodings = 0;
			knownRegions = (
				en,
			);
			mainGroup = 3D6BAD7014F82E0C00F4F839;
			productRefGroup = 3D6BAD7C14F82E0C00F4F839 /* Products */;
			projectDirPath = "";
			projectRoot = "";
			targets = (
				3D6BAD7A14F82E0C00F4F839 /* iStorage */,
			);
		};
/* End PBXProject section */

/* Begin PBXResourcesBuildPhase section */
		3D6BAD7914F82E0C00F4F839 /* Resources */ = {
			isa = PBXResourcesBuildPhase;
			buildActionMask = 2147483647;
			files = (
				3D6BAD8A14F82E0C00F4F839 /* InfoPlist.strings in Resources */,
				3D6BAD9914F82E0C00F4F839 /* MasterViewController.xib in Resources */,
				3D6BAD9C14F82E0C00F4F839 /* DetailViewController.xib in Resources */,
			);
			runOnlyForDeploymentPostprocessing = 0;
		};
/* End PBXResourcesBuildPhase section */

/* Begin PBXSourcesBuildPhase section */
		3D6BAD7714F82E0C00F4F839 /* Sources */ = {
			isa = PBXSourcesBuildPhase;
			buildActionMask = 2147483647;
			files = (
				3D6BAD8C14F82E0C00F4F839 /* main.m in Sources */,
				3D6BAD9014F82E0C00F4F839 /* AppDelegate.m in Sources */,
				3D6BAD9314F82E0C00F4F839 /* MasterViewController.m in Sources */,
				3D6BAD9614F82E0C00F4F839 /* DetailViewController.m in Sources */,
			);
			runOnlyForDeploymentPostprocessing = 0;
		};
/* End PBXSourcesBuildPhase section */

/* Begin PBXVariantGroup section */
		3D6BAD8814F82E0C00F4F839 /* InfoPlist.strings */ = {
			isa = PBXVariantGroup;
			children = (
				3D6BAD8914F82E0C00F4F839 /* en */,
			);
			name = InfoPlist.strings;
			sourceTree = "<group>";
		};
		3D6BAD9714F82E0C00F4F839 /* MasterViewController.xib */ = {
			isa = PBXVariantGroup;
			children = (
				3D6BAD9814F82E0C00F4F839 /* en */,
			);
			name = MasterViewController.xib;
			sourceTree = "<group>";
		};
		3D6BAD9A14F82E0C00F4F839 /* DetailViewController.xib */ = {
			isa = PBXVariantGroup;
			children = (
				3D6BAD9B14F82E0C00F4F839 /* en */,
			);
			name = DetailViewController.xib;
			sourceTree = "<group>";
		};
/* End PBXVariantGroup section */

/* Begin XCBuildConfiguration section */
		3D6BAD9D14F82E0C00F4F839 /* Debug */ = {
			isa = XCBuildConfiguration;
			buildSettings = {
				ALWAYS_SEARCH_USER_PATHS = NO;
				ARCHS = "$(ARCHS_STANDARD_32_BIT)";
				CLANG_ENABLE_OBJC_ARC = YES;
				"CODE_SIGN_IDENTITY[sdk=iphoneos*]" = "iPhone Developer";
				COPY_PHASE_STRIP = NO;
				GCC_C_LANGUAGE_STANDARD = gnu99;
				GCC_DYNAMIC_NO_PIC = NO;
				GCC_OPTIMIZATION_LEVEL = 0;
				GCC_PREPROCESSOR_DEFINITIONS = (
					"DEBUG=1",
					"$(inherited)",
				);
				GCC_SYMBOLS_PRIVATE_EXTERN = NO;
				GCC_VERSION = com.apple.compilers.llvm.clang.1_0;
				GCC_WARN_ABOUT_MISSING_PROTOTYPES = YES;
				GCC_WARN_ABOUT_RETURN_TYPE = YES;
				GCC_WARN_UNUSED_VARIABLE = YES;
				IPHONEOS_DEPLOYMENT_TARGET = 5.0;
				SDKROOT = iphoneos;
			};
			name = Debug;
		};
		3D6BAD9E14F82E0C00F4F839 /* Release */ = {
			isa = XCBuildConfiguration;
			buildSettings = {
				ALWAYS_SEARCH_USER_PATHS = NO;
				ARCHS = "$(ARCHS_STANDARD_32_BIT)";
				CLANG_ENABLE_OBJC_ARC = YES;
				"CODE_SIGN_IDENTITY[sdk=iphoneos*]" = "iPhone Developer";
				COPY_PHASE_STRIP = YES;
				GCC_C_LANGUAGE_STANDARD = gnu99;
				GCC_VERSION = com.apple.compilers.llvm.clang.1_0;
				GCC_WARN_ABOUT_MISSING_PROTOTYPES = YES;
				GCC_WARN_ABOUT_RETURN_TYPE = YES;
				GCC_WARN_UNUSED_VARIABLE = YES;
				IPHONEOS_DEPLOYMENT_TARGET = 5.0;
				OTHER_CFLAGS = "-DNS_BLOCK_ASSERTIONS=1";
				SDKROOT = iphoneos;
				VALIDATE_PRODUCT = YES;
			};
			name = Release;
		};
		3D6BADA014F82E0C00F4F839 /* Debug */ = {
			isa = XCBuildConfiguration;
			buildSettings = {
				GCC_PRECOMPILE_PREFIX_HEADER = YES;
				GCC_PREFIX_HEADER = "iStorage/iStorage-Prefix.pch";
				INFOPLIST_FILE = "iStorage/iStorage-Info.plist";
				PRODUCT_NAME = "$(TARGET_NAME)";
				WRAPPER_EXTENSION = app;
			};
			name = Debug;
		};
		3D6BADA114F82E0C00F4F839 /* Release */ = {
			isa = XCBuildConfiguration;
			buildSettings = {
				GCC_PRECOMPILE_PREFIX_HEADER = YES;
				GCC_PREFIX_HEADER = "iStorage/iStorage-Prefix.pch";
				INFOPLIST_FILE = "iStorage/iStorage-Info.plist";
				PRODUCT_NAME = "$(TARGET_NAME)";
				WRAPPER_EXTENSION = app;
			};
			name = Release;
		};
/* End XCBuildConfiguration section */

/* Begin XCConfigurationList section */
		3D6BAD7514F82E0C00F4F839 /* Build configuration list for PBXProject "iStorage" */ = {
			isa = XCConfigurationList;
			buildConfigurations = (
				3D6BAD9D14F82E0C00F4F839 /* Debug */,
				3D6BAD9E14F82E0C00F4F839 /* Release */,
			);
			defaultConfigurationIsVisible = 0;
			defaultConfigurationName = Release;
		};
		3D6BAD9F14F82E0C00F4F839 /* Build configuration list for PBXNativeTarget "iStorage" */ = {
			isa = XCConfigurationList;
			buildConfigurations = (
				3D6BADA014F82E0C00F4F839 /* Debug */,
				3D6BADA114F82E0C00F4F839 /* Release */,
			);
			defaultConfigurationIsVisible = 0;
		};
/* End XCConfigurationList section */
	};
	rootObject = 3D6BAD7214F82E0C00F4F839 /* Project object */;
}
