// !$*UTF8*$!
{
	archiveVersion = 1;
	classes = {
	};
	objectVersion = 46;
	objects = {

/* Begin PBXBuildFile section */
		3DDA4B02153656260097F9C9 /* Foundation.framework in Frameworks */ = {isa = PBXBuildFile; fileRef = 3DDA4B01153656260097F9C9 /* Foundation.framework */; };
		3DDA4B05153656260097F9C9 /* main.m in Sources */ = {isa = PBXBuildFile; fileRef = 3DDA4B04153656260097F9C9 /* main.m */; };
		3DDA4B09153656260097F9C9 /* prueba.1 in CopyFiles */ = {isa = PBXBuildFile; fileRef = 3DDA4B08153656260097F9C9 /* prueba.1 */; };
/* End PBXBuildFile section */

/* Begin PBXCopyFilesBuildPhase section */
		3DDA4AFB153656260097F9C9 /* CopyFiles */ = {
			isa = PBXCopyFilesBuildPhase;
			buildActionMask = 2147483647;
			dstPath = /usr/share/man/man1/;
			dstSubfolderSpec = 0;
			files = (
				3DDA4B09153656260097F9C9 /* prueba.1 in CopyFiles */,
			);
			runOnlyForDeploymentPostprocessing = 1;
		};
/* End PBXCopyFilesBuildPhase section */

/* Begin PBXFileReference section */
		3DDA4AFD153656260097F9C9 /* prueba */ = {isa = PBXFileReference; explicitFileType = "compiled.mach-o.executable"; includeInIndex = 0; path = prueba; sourceTree = BUILT_PRODUCTS_DIR; };
		3DDA4B01153656260097F9C9 /* Foundation.framework */ = {isa = PBXFileReference; lastKnownFileType = wrapper.framework; name = Foundation.framework; path = System/Library/Frameworks/Foundation.framework; sourceTree = SDKROOT; };
		3DDA4B04153656260097F9C9 /* main.m */ = {isa = PBXFileReference; lastKnownFileType = sourcecode.c.objc; path = main.m; sourceTree = "<group>"; };
		3DDA4B07153656260097F9C9 /* prueba-Prefix.pch */ = {isa = PBXFileReference; path = "prueba-Prefix.pch"; sourceTree = "<group>"; };
		3DDA4B08153656260097F9C9 /* prueba.1 */ = {isa = PBXFileReference; lastKnownFileType = text.man; path = prueba.1; sourceTree = "<group>"; };
/* End PBXFileReference section */

/* Begin PBXFrameworksBuildPhase section */
		3DDA4AFA153656260097F9C9 /* Frameworks */ = {
			isa = PBXFrameworksBuildPhase;
			buildActionMask = 2147483647;
			files = (
				3DDA4B02153656260097F9C9 /* Foundation.framework in Frameworks */,
			);
			runOnlyForDeploymentPostprocessing = 0;
		};
/* End PBXFrameworksBuildPhase section */

/* Begin PBXGroup section */
		3DDA4AF2153656260097F9C9 = {
			isa = PBXGroup;
			children = (
				3DDA4B03153656260097F9C9 /* prueba */,
				3DDA4B00153656260097F9C9 /* Frameworks */,
				3DDA4AFE153656260097F9C9 /* Products */,
			);
			sourceTree = "<group>";
		};
		3DDA4AFE153656260097F9C9 /* Products */ = {
			isa = PBXGroup;
			children = (
				3DDA4AFD153656260097F9C9 /* prueba */,
			);
			name = Products;
			sourceTree = "<group>";
		};
		3DDA4B00153656260097F9C9 /* Frameworks */ = {
			isa = PBXGroup;
			children = (
				3DDA4B01153656260097F9C9 /* Foundation.framework */,
			);
			name = Frameworks;
			sourceTree = "<group>";
		};
		3DDA4B03153656260097F9C9 /* prueba */ = {
			isa = PBXGroup;
			children = (
				3DDA4B04153656260097F9C9 /* main.m */,
				3DDA4B08153656260097F9C9 /* prueba.1 */,
				3DDA4B06153656260097F9C9 /* Supporting Files */,
			);
			path = prueba;
			sourceTree = "<group>";
		};
		3DDA4B06153656260097F9C9 /* Supporting Files */ = {
			isa = PBXGroup;
			children = (
				3DDA4B07153656260097F9C9 /* prueba-Prefix.pch */,
			);
			name = "Supporting Files";
			sourceTree = "<group>";
		};
/* End PBXGroup section */

/* Begin PBXNativeTarget section */
		3DDA4AFC153656260097F9C9 /* prueba */ = {
			isa = PBXNativeTarget;
			buildConfigurationList = 3DDA4B0C153656260097F9C9 /* Build configuration list for PBXNativeTarget "prueba" */;
			buildPhases = (
				3DDA4AF9153656260097F9C9 /* Sources */,
				3DDA4AFA153656260097F9C9 /* Frameworks */,
				3DDA4AFB153656260097F9C9 /* CopyFiles */,
			);
			buildRules = (
			);
			dependencies = (
			);
			name = prueba;
			productName = prueba;
			productReference = 3DDA4AFD153656260097F9C9 /* prueba */;
			productType = "com.apple.product-type.tool";
		};
/* End PBXNativeTarget section */

/* Begin PBXProject section */
		3DDA4AF4153656260097F9C9 /* Project object */ = {
			isa = PBXProject;
			attributes = {
				LastUpgradeCheck = 0420;
			};
			buildConfigurationList = 3DDA4AF7153656260097F9C9 /* Build configuration list for PBXProject "prueba" */;
			compatibilityVersion = "Xcode 3.2";
			developmentRegion = English;
			hasScannedForEncodings = 0;
			knownRegions = (
				en,
			);
			mainGroup = 3DDA4AF2153656260097F9C9;
			productRefGroup = 3DDA4AFE153656260097F9C9 /* Products */;
			projectDirPath = "";
			projectRoot = "";
			targets = (
				3DDA4AFC153656260097F9C9 /* prueba */,
			);
		};
/* End PBXProject section */

/* Begin PBXSourcesBuildPhase section */
		3DDA4AF9153656260097F9C9 /* Sources */ = {
			isa = PBXSourcesBuildPhase;
			buildActionMask = 2147483647;
			files = (
				3DDA4B05153656260097F9C9 /* main.m in Sources */,
			);
			runOnlyForDeploymentPostprocessing = 0;
		};
/* End PBXSourcesBuildPhase section */

/* Begin XCBuildConfiguration section */
		3DDA4B0A153656260097F9C9 /* Debug */ = {
			isa = XCBuildConfiguration;
			buildSettings = {
				ALWAYS_SEARCH_USER_PATHS = NO;
				ARCHS = "$(ARCHS_STANDARD_64_BIT)";
				CLANG_ENABLE_OBJC_ARC = YES;
				COPY_PHASE_STRIP = NO;
				GCC_C_LANGUAGE_STANDARD = gnu99;
				GCC_DYNAMIC_NO_PIC = NO;
				GCC_ENABLE_OBJC_EXCEPTIONS = YES;
				GCC_OPTIMIZATION_LEVEL = 0;
				GCC_PREPROCESSOR_DEFINITIONS = (
					"DEBUG=1",
					"$(inherited)",
				);
				GCC_SYMBOLS_PRIVATE_EXTERN = NO;
				GCC_VERSION = com.apple.compilers.llvm.clang.1_0;
				GCC_WARN_64_TO_32_BIT_CONVERSION = YES;
				GCC_WARN_ABOUT_MISSING_PROTOTYPES = YES;
				GCC_WARN_ABOUT_RETURN_TYPE = YES;
				GCC_WARN_UNUSED_VARIABLE = YES;
				MACOSX_DEPLOYMENT_TARGET = 10.7;
				ONLY_ACTIVE_ARCH = YES;
				SDKROOT = macosx;
			};
			name = Debug;
		};
		3DDA4B0B153656260097F9C9 /* Release */ = {
			isa = XCBuildConfiguration;
			buildSettings = {
				ALWAYS_SEARCH_USER_PATHS = NO;
				ARCHS = "$(ARCHS_STANDARD_64_BIT)";
				CLANG_ENABLE_OBJC_ARC = YES;
				COPY_PHASE_STRIP = YES;
				DEBUG_INFORMATION_FORMAT = "dwarf-with-dsym";
				GCC_C_LANGUAGE_STANDARD = gnu99;
				GCC_ENABLE_OBJC_EXCEPTIONS = YES;
				GCC_VERSION = com.apple.compilers.llvm.clang.1_0;
				GCC_WARN_64_TO_32_BIT_CONVERSION = YES;
				GCC_WARN_ABOUT_MISSING_PROTOTYPES = YES;
				GCC_WARN_ABOUT_RETURN_TYPE = YES;
				GCC_WARN_UNUSED_VARIABLE = YES;
				MACOSX_DEPLOYMENT_TARGET = 10.7;
				SDKROOT = macosx;
			};
			name = Release;
		};
		3DDA4B0D153656260097F9C9 /* Debug */ = {
			isa = XCBuildConfiguration;
			buildSettings = {
				GCC_PRECOMPILE_PREFIX_HEADER = YES;
				GCC_PREFIX_HEADER = "prueba/prueba-Prefix.pch";
				PRODUCT_NAME = "$(TARGET_NAME)";
			};
			name = Debug;
		};
		3DDA4B0E153656260097F9C9 /* Release */ = {
			isa = XCBuildConfiguration;
			buildSettings = {
				GCC_PRECOMPILE_PREFIX_HEADER = YES;
				GCC_PREFIX_HEADER = "prueba/prueba-Prefix.pch";
				PRODUCT_NAME = "$(TARGET_NAME)";
			};
			name = Release;
		};
/* End XCBuildConfiguration section */

/* Begin XCConfigurationList section */
		3DDA4AF7153656260097F9C9 /* Build configuration list for PBXProject "prueba" */ = {
			isa = XCConfigurationList;
			buildConfigurations = (
				3DDA4B0A153656260097F9C9 /* Debug */,
				3DDA4B0B153656260097F9C9 /* Release */,
			);
			defaultConfigurationIsVisible = 0;
			defaultConfigurationName = Release;
		};
		3DDA4B0C153656260097F9C9 /* Build configuration list for PBXNativeTarget "prueba" */ = {
			isa = XCConfigurationList;
			buildConfigurations = (
				3DDA4B0D153656260097F9C9 /* Debug */,
				3DDA4B0E153656260097F9C9 /* Release */,
			);
			defaultConfigurationIsVisible = 0;
		};
/* End XCConfigurationList section */
	};
	rootObject = 3DDA4AF4153656260097F9C9 /* Project object */;
}
