// !$*UTF8*$!
{
	archiveVersion = 1;
	classes = {
	};
	objectVersion = 46;
	objects = {

/* Begin PBXBuildFile section */
		3D85C18E1515A66200636072 /* UIKit.framework in Frameworks */ = {isa = PBXBuildFile; fileRef = 3D85C18D1515A66200636072 /* UIKit.framework */; };
		3D85C1901515A66200636072 /* Foundation.framework in Frameworks */ = {isa = PBXBuildFile; fileRef = 3D85C18F1515A66200636072 /* Foundation.framework */; };
		3D85C1921515A66200636072 /* CoreGraphics.framework in Frameworks */ = {isa = PBXBuildFile; fileRef = 3D85C1911515A66200636072 /* CoreGraphics.framework */; };
		3D85C1981515A66200636072 /* InfoPlist.strings in Resources */ = {isa = PBXBuildFile; fileRef = 3D85C1961515A66200636072 /* InfoPlist.strings */; };
		3D85C19A1515A66200636072 /* main.m in Sources */ = {isa = PBXBuildFile; fileRef = 3D85C1991515A66200636072 /* main.m */; };
		3D85C19E1515A66200636072 /* AppDelegate.m in Sources */ = {isa = PBXBuildFile; fileRef = 3D85C19D1515A66200636072 /* AppDelegate.m */; };
		3D85C1A11515A66200636072 /* ViewController.m in Sources */ = {isa = PBXBuildFile; fileRef = 3D85C1A01515A66200636072 /* ViewController.m */; };
		3D85C1A41515A66200636072 /* ViewController.xib in Resources */ = {isa = PBXBuildFile; fileRef = 3D85C1A21515A66200636072 /* ViewController.xib */; };
/* End PBXBuildFile section */

/* Begin PBXFileReference section */
		3D85C1891515A66200636072 /* fbConect.app */ = {isa = PBXFileReference; explicitFileType = wrapper.application; includeInIndex = 0; path = fbConect.app; sourceTree = BUILT_PRODUCTS_DIR; };
		3D85C18D1515A66200636072 /* UIKit.framework */ = {isa = PBXFileReference; lastKnownFileType = wrapper.framework; name = UIKit.framework; path = System/Library/Frameworks/UIKit.framework; sourceTree = SDKROOT; };
		3D85C18F1515A66200636072 /* Foundation.framework */ = {isa = PBXFileReference; lastKnownFileType = wrapper.framework; name = Foundation.framework; path = System/Library/Frameworks/Foundation.framework; sourceTree = SDKROOT; };
		3D85C1911515A66200636072 /* CoreGraphics.framework */ = {isa = PBXFileReference; lastKnownFileType = wrapper.framework; name = CoreGraphics.framework; path = System/Library/Frameworks/CoreGraphics.framework; sourceTree = SDKROOT; };
		3D85C1951515A66200636072 /* fbConect-Info.plist */ = {isa = PBXFileReference; path = "fbConect-Info.plist"; sourceTree = "<group>"; };
		3D85C1971515A66200636072 /* en */ = {isa = PBXFileReference; lastKnownFileType = text.plist.strings; name = en; path = en.lproj/InfoPlist.strings; sourceTree = "<group>"; };
		3D85C1991515A66200636072 /* main.m */ = {isa = PBXFileReference; lastKnownFileType = sourcecode.c.objc; path = main.m; sourceTree = "<group>"; };
		3D85C19B1515A66200636072 /* fbConect-Prefix.pch */ = {isa = PBXFileReference; path = "fbConect-Prefix.pch"; sourceTree = "<group>"; };
		3D85C19C1515A66200636072 /* AppDelegate.h */ = {isa = PBXFileReference; path = AppDelegate.h; sourceTree = "<group>"; };
		3D85C19D1515A66200636072 /* AppDelegate.m */ = {isa = PBXFileReference; lastKnownFileType = sourcecode.c.objc; path = AppDelegate.m; sourceTree = "<group>"; };
		3D85C19F1515A66200636072 /* ViewController.h */ = {isa = PBXFileReference; path = ViewController.h; sourceTree = "<group>"; };
		3D85C1A01515A66200636072 /* ViewController.m */ = {isa = PBXFileReference; lastKnownFileType = sourcecode.c.objc; path = ViewController.m; sourceTree = "<group>"; };
		3D85C1A31515A66200636072 /* en */ = {isa = PBXFileReference; lastKnownFileType = file.xib; name = en; path = en.lproj/ViewController.xib; sourceTree = "<group>"; };
/* End PBXFileReference section */

/* Begin PBXFrameworksBuildPhase section */
		3D85C1861515A66200636072 /* Frameworks */ = {
			isa = PBXFrameworksBuildPhase;
			buildActionMask = 2147483647;
			files = (
				3D85C18E1515A66200636072 /* UIKit.framework in Frameworks */,
				3D85C1901515A66200636072 /* Foundation.framework in Frameworks */,
				3D85C1921515A66200636072 /* CoreGraphics.framework in Frameworks */,
			);
			runOnlyForDeploymentPostprocessing = 0;
		};
/* End PBXFrameworksBuildPhase section */

/* Begin PBXGroup section */
		3D85C17E1515A66100636072 = {
			isa = PBXGroup;
			children = (
				3D85C1931515A66200636072 /* fbConect */,
				3D85C18C1515A66200636072 /* Frameworks */,
				3D85C18A1515A66200636072 /* Products */,
			);
			sourceTree = "<group>";
		};
		3D85C18A1515A66200636072 /* Products */ = {
			isa = PBXGroup;
			children = (
				3D85C1891515A66200636072 /* fbConect.app */,
			);
			name = Products;
			sourceTree = "<group>";
		};
		3D85C18C1515A66200636072 /* Frameworks */ = {
			isa = PBXGroup;
			children = (
				3D85C18D1515A66200636072 /* UIKit.framework */,
				3D85C18F1515A66200636072 /* Foundation.framework */,
				3D85C1911515A66200636072 /* CoreGraphics.framework */,
			);
			name = Frameworks;
			sourceTree = "<group>";
		};
		3D85C1931515A66200636072 /* fbConect */ = {
			isa = PBXGroup;
			children = (
				3D85C19C1515A66200636072 /* AppDelegate.h */,
				3D85C19D1515A66200636072 /* AppDelegate.m */,
				3D85C19F1515A66200636072 /* ViewController.h */,
				3D85C1A01515A66200636072 /* ViewController.m */,
				3D85C1A21515A66200636072 /* ViewController.xib */,
				3D85C1941515A66200636072 /* Supporting Files */,
			);
			path = fbConect;
			sourceTree = "<group>";
		};
		3D85C1941515A66200636072 /* Supporting Files */ = {
			isa = PBXGroup;
			children = (
				3D85C1951515A66200636072 /* fbConect-Info.plist */,
				3D85C1961515A66200636072 /* InfoPlist.strings */,
				3D85C1991515A66200636072 /* main.m */,
				3D85C19B1515A66200636072 /* fbConect-Prefix.pch */,
			);
			name = "Supporting Files";
			sourceTree = "<group>";
		};
/* End PBXGroup section */

/* Begin PBXNativeTarget section */
		3D85C1881515A66200636072 /* fbConect */ = {
			isa = PBXNativeTarget;
			buildConfigurationList = 3D85C1A71515A66200636072 /* Build configuration list for PBXNativeTarget "fbConect" */;
			buildPhases = (
				3D85C1851515A66200636072 /* Sources */,
				3D85C1861515A66200636072 /* Frameworks */,
				3D85C1871515A66200636072 /* Resources */,
			);
			buildRules = (
			);
			dependencies = (
			);
			name = fbConect;
			productName = fbConect;
			productReference = 3D85C1891515A66200636072 /* fbConect.app */;
			productType = "com.apple.product-type.application";
		};
/* End PBXNativeTarget section */

/* Begin PBXProject section */
		3D85C1801515A66100636072 /* Project object */ = {
			isa = PBXProject;
			attributes = {
				LastUpgradeCheck = 0420;
			};
			buildConfigurationList = 3D85C1831515A66100636072 /* Build configuration list for PBXProject "fbConect" */;
			compatibilityVersion = "Xcode 3.2";
			developmentRegion = English;
			hasScannedForEncodings = 0;
			knownRegions = (
				en,
			);
			mainGroup = 3D85C17E1515A66100636072;
			productRefGroup = 3D85C18A1515A66200636072 /* Products */;
			projectDirPath = "";
			projectRoot = "";
			targets = (
				3D85C1881515A66200636072 /* fbConect */,
			);
		};
/* End PBXProject section */

/* Begin PBXResourcesBuildPhase section */
		3D85C1871515A66200636072 /* Resources */ = {
			isa = PBXResourcesBuildPhase;
			buildActionMask = 2147483647;
			files = (
				3D85C1981515A66200636072 /* InfoPlist.strings in Resources */,
				3D85C1A41515A66200636072 /* ViewController.xib in Resources */,
			);
			runOnlyForDeploymentPostprocessing = 0;
		};
/* End PBXResourcesBuildPhase section */

/* Begin PBXSourcesBuildPhase section */
		3D85C1851515A66200636072 /* Sources */ = {
			isa = PBXSourcesBuildPhase;
			buildActionMask = 2147483647;
			files = (
				3D85C19A1515A66200636072 /* main.m in Sources */,
				3D85C19E1515A66200636072 /* AppDelegate.m in Sources */,
				3D85C1A11515A66200636072 /* ViewController.m in Sources */,
			);
			runOnlyForDeploymentPostprocessing = 0;
		};
/* End PBXSourcesBuildPhase section */

/* Begin PBXVariantGroup section */
		3D85C1961515A66200636072 /* InfoPlist.strings */ = {
			isa = PBXVariantGroup;
			children = (
				3D85C1971515A66200636072 /* en */,
			);
			name = InfoPlist.strings;
			sourceTree = "<group>";
		};
		3D85C1A21515A66200636072 /* ViewController.xib */ = {
			isa = PBXVariantGroup;
			children = (
				3D85C1A31515A66200636072 /* en */,
			);
			name = ViewController.xib;
			sourceTree = "<group>";
		};
/* End PBXVariantGroup section */

/* Begin XCBuildConfiguration section */
		3D85C1A51515A66200636072 /* Debug */ = {
			isa = XCBuildConfiguration;
			buildSettings = {
				ALWAYS_SEARCH_USER_PATHS = NO;
				ARCHS = "$(ARCHS_STANDARD_32_BIT)";
				"CODE_SIGN_IDENTITY[sdk=iphoneos*]" = "iPhone Developer";
				COPY_PHASE_STRIP = NO;
				GCC_C_LANGUAGE_STANDARD = gnu99;
				GCC_DYNAMIC_NO_PIC = NO;
				GCC_OPTIMIZATION_LEVEL = 0;
				GCC_PREPROCESSOR_DEFINITIONS = (
					"DEBUG=1",
					"$(inherited)",
				);
				GCC_SYMBOLS_PRIVATE_EXTERN = NO;
				GCC_VERSION = com.apple.compilers.llvm.clang.1_0;
				GCC_WARN_ABOUT_MISSING_PROTOTYPES = YES;
				GCC_WARN_ABOUT_RETURN_TYPE = YES;
				GCC_WARN_UNUSED_VARIABLE = YES;
				IPHONEOS_DEPLOYMENT_TARGET = 5.0;
				SDKROOT = iphoneos;
				TARGETED_DEVICE_FAMILY = 2;
			};
			name = Debug;
		};
		3D85C1A61515A66200636072 /* Release */ = {
			isa = XCBuildConfiguration;
			buildSettings = {
				ALWAYS_SEARCH_USER_PATHS = NO;
				ARCHS = "$(ARCHS_STANDARD_32_BIT)";
				"CODE_SIGN_IDENTITY[sdk=iphoneos*]" = "iPhone Developer";
				COPY_PHASE_STRIP = YES;
				GCC_C_LANGUAGE_STANDARD = gnu99;
				GCC_VERSION = com.apple.compilers.llvm.clang.1_0;
				GCC_WARN_ABOUT_MISSING_PROTOTYPES = YES;
				GCC_WARN_ABOUT_RETURN_TYPE = YES;
				GCC_WARN_UNUSED_VARIABLE = YES;
				IPHONEOS_DEPLOYMENT_TARGET = 5.0;
				OTHER_CFLAGS = "-DNS_BLOCK_ASSERTIONS=1";
				SDKROOT = iphoneos;
				TARGETED_DEVICE_FAMILY = 2;
				VALIDATE_PRODUCT = YES;
			};
			name = Release;
		};
		3D85C1A81515A66200636072 /* Debug */ = {
			isa = XCBuildConfiguration;
			buildSettings = {
				GCC_PRECOMPILE_PREFIX_HEADER = YES;
				GCC_PREFIX_HEADER = "fbConect/fbConect-Prefix.pch";
				INFOPLIST_FILE = "fbConect/fbConect-Info.plist";
				PRODUCT_NAME = "$(TARGET_NAME)";
				WRAPPER_EXTENSION = app;
			};
			name = Debug;
		};
		3D85C1A91515A66200636072 /* Release */ = {
			isa = XCBuildConfiguration;
			buildSettings = {
				GCC_PRECOMPILE_PREFIX_HEADER = YES;
				GCC_PREFIX_HEADER = "fbConect/fbConect-Prefix.pch";
				INFOPLIST_FILE = "fbConect/fbConect-Info.plist";
				PRODUCT_NAME = "$(TARGET_NAME)";
				WRAPPER_EXTENSION = app;
			};
			name = Release;
		};
/* End XCBuildConfiguration section */

/* Begin XCConfigurationList section */
		3D85C1831515A66100636072 /* Build configuration list for PBXProject "fbConect" */ = {
			isa = XCConfigurationList;
			buildConfigurations = (
				3D85C1A51515A66200636072 /* Debug */,
				3D85C1A61515A66200636072 /* Release */,
			);
			defaultConfigurationIsVisible = 0;
			defaultConfigurationName = Release;
		};
		3D85C1A71515A66200636072 /* Build configuration list for PBXNativeTarget "fbConect" */ = {
			isa = XCConfigurationList;
			buildConfigurations = (
				3D85C1A81515A66200636072 /* Debug */,
				3D85C1A91515A66200636072 /* Release */,
			);
			defaultConfigurationIsVisible = 0;
		};
/* End XCConfigurationList section */
	};
	rootObject = 3D85C1801515A66100636072 /* Project object */;
}
