// !$*UTF8*$!
{
	archiveVersion = 1;
	classes = {
	};
	objectVersion = 46;
	objects = {

/* Begin PBXBuildFile section */
		3D07E330150FB1F500D330F4 /* Foundation.framework in Frameworks */ = {isa = PBXBuildFile; fileRef = 3D07E32F150FB1F500D330F4 /* Foundation.framework */; };
		3D07E333150FB1F500D330F4 /* main.m in Sources */ = {isa = PBXBuildFile; fileRef = 3D07E332150FB1F500D330F4 /* main.m */; };
		3D07E337150FB1F500D330F4 /* Prueba_Sobrecargas.1 in CopyFiles */ = {isa = PBXBuildFile; fileRef = 3D07E336150FB1F500D330F4 /* Prueba_Sobrecargas.1 */; };
/* End PBXBuildFile section */

/* Begin PBXCopyFilesBuildPhase section */
		3D07E329150FB1F500D330F4 /* CopyFiles */ = {
			isa = PBXCopyFilesBuildPhase;
			buildActionMask = 2147483647;
			dstPath = /usr/share/man/man1/;
			dstSubfolderSpec = 0;
			files = (
				3D07E337150FB1F500D330F4 /* Prueba_Sobrecargas.1 in CopyFiles */,
			);
			runOnlyForDeploymentPostprocessing = 1;
		};
/* End PBXCopyFilesBuildPhase section */

/* Begin PBXFileReference section */
		3D07E32B150FB1F500D330F4 /* Prueba Sobrecargas */ = {isa = PBXFileReference; explicitFileType = "compiled.mach-o.executable"; includeInIndex = 0; path = "Prueba Sobrecargas"; sourceTree = BUILT_PRODUCTS_DIR; };
		3D07E32F150FB1F500D330F4 /* Foundation.framework */ = {isa = PBXFileReference; lastKnownFileType = wrapper.framework; name = Foundation.framework; path = System/Library/Frameworks/Foundation.framework; sourceTree = SDKROOT; };
		3D07E332150FB1F500D330F4 /* main.m */ = {isa = PBXFileReference; lastKnownFileType = sourcecode.c.objc; path = main.m; sourceTree = "<group>"; };
		3D07E335150FB1F500D330F4 /* Prueba Sobrecargas-Prefix.pch */ = {isa = PBXFileReference; path = "Prueba Sobrecargas-Prefix.pch"; sourceTree = "<group>"; };
		3D07E336150FB1F500D330F4 /* Prueba_Sobrecargas.1 */ = {isa = PBXFileReference; lastKnownFileType = text.man; path = Prueba_Sobrecargas.1; sourceTree = "<group>"; };
/* End PBXFileReference section */

/* Begin PBXFrameworksBuildPhase section */
		3D07E328150FB1F500D330F4 /* Frameworks */ = {
			isa = PBXFrameworksBuildPhase;
			buildActionMask = 2147483647;
			files = (
				3D07E330150FB1F500D330F4 /* Foundation.framework in Frameworks */,
			);
			runOnlyForDeploymentPostprocessing = 0;
		};
/* End PBXFrameworksBuildPhase section */

/* Begin PBXGroup section */
		3D07E320150FB1F500D330F4 = {
			isa = PBXGroup;
			children = (
				3D07E331150FB1F500D330F4 /* Prueba Sobrecargas */,
				3D07E32E150FB1F500D330F4 /* Frameworks */,
				3D07E32C150FB1F500D330F4 /* Products */,
			);
			sourceTree = "<group>";
		};
		3D07E32C150FB1F500D330F4 /* Products */ = {
			isa = PBXGroup;
			children = (
				3D07E32B150FB1F500D330F4 /* Prueba Sobrecargas */,
			);
			name = Products;
			sourceTree = "<group>";
		};
		3D07E32E150FB1F500D330F4 /* Frameworks */ = {
			isa = PBXGroup;
			children = (
				3D07E32F150FB1F500D330F4 /* Foundation.framework */,
			);
			name = Frameworks;
			sourceTree = "<group>";
		};
		3D07E331150FB1F500D330F4 /* Prueba Sobrecargas */ = {
			isa = PBXGroup;
			children = (
				3D07E332150FB1F500D330F4 /* main.m */,
				3D07E336150FB1F500D330F4 /* Prueba_Sobrecargas.1 */,
				3D07E334150FB1F500D330F4 /* Supporting Files */,
			);
			path = "Prueba Sobrecargas";
			sourceTree = "<group>";
		};
		3D07E334150FB1F500D330F4 /* Supporting Files */ = {
			isa = PBXGroup;
			children = (
				3D07E335150FB1F500D330F4 /* Prueba Sobrecargas-Prefix.pch */,
			);
			name = "Supporting Files";
			sourceTree = "<group>";
		};
/* End PBXGroup section */

/* Begin PBXNativeTarget section */
		3D07E32A150FB1F500D330F4 /* Prueba Sobrecargas */ = {
			isa = PBXNativeTarget;
			buildConfigurationList = 3D07E33A150FB1F500D330F4 /* Build configuration list for PBXNativeTarget "Prueba Sobrecargas" */;
			buildPhases = (
				3D07E327150FB1F500D330F4 /* Sources */,
				3D07E328150FB1F500D330F4 /* Frameworks */,
				3D07E329150FB1F500D330F4 /* CopyFiles */,
			);
			buildRules = (
			);
			dependencies = (
			);
			name = "Prueba Sobrecargas";
			productName = "Prueba Sobrecargas";
			productReference = 3D07E32B150FB1F500D330F4 /* Prueba Sobrecargas */;
			productType = "com.apple.product-type.tool";
		};
/* End PBXNativeTarget section */

/* Begin PBXProject section */
		3D07E322150FB1F500D330F4 /* Project object */ = {
			isa = PBXProject;
			attributes = {
				LastUpgradeCheck = 0420;
			};
			buildConfigurationList = 3D07E325150FB1F500D330F4 /* Build configuration list for PBXProject "Prueba Sobrecargas" */;
			compatibilityVersion = "Xcode 3.2";
			developmentRegion = English;
			hasScannedForEncodings = 0;
			knownRegions = (
				en,
			);
			mainGroup = 3D07E320150FB1F500D330F4;
			productRefGroup = 3D07E32C150FB1F500D330F4 /* Products */;
			projectDirPath = "";
			projectRoot = "";
			targets = (
				3D07E32A150FB1F500D330F4 /* Prueba Sobrecargas */,
			);
		};
/* End PBXProject section */

/* Begin PBXSourcesBuildPhase section */
		3D07E327150FB1F500D330F4 /* Sources */ = {
			isa = PBXSourcesBuildPhase;
			buildActionMask = 2147483647;
			files = (
				3D07E333150FB1F500D330F4 /* main.m in Sources */,
			);
			runOnlyForDeploymentPostprocessing = 0;
		};
/* End PBXSourcesBuildPhase section */

/* Begin XCBuildConfiguration section */
		3D07E338150FB1F500D330F4 /* Debug */ = {
			isa = XCBuildConfiguration;
			buildSettings = {
				ALWAYS_SEARCH_USER_PATHS = NO;
				ARCHS = "$(ARCHS_STANDARD_64_BIT)";
				CLANG_ENABLE_OBJC_ARC = YES;
				COPY_PHASE_STRIP = NO;
				GCC_C_LANGUAGE_STANDARD = gnu99;
				GCC_DYNAMIC_NO_PIC = NO;
				GCC_ENABLE_OBJC_EXCEPTIONS = YES;
				GCC_OPTIMIZATION_LEVEL = 0;
				GCC_PREPROCESSOR_DEFINITIONS = (
					"DEBUG=1",
					"$(inherited)",
				);
				GCC_SYMBOLS_PRIVATE_EXTERN = NO;
				GCC_VERSION = com.apple.compilers.llvm.clang.1_0;
				GCC_WARN_64_TO_32_BIT_CONVERSION = YES;
				GCC_WARN_ABOUT_MISSING_PROTOTYPES = YES;
				GCC_WARN_ABOUT_RETURN_TYPE = YES;
				GCC_WARN_UNUSED_VARIABLE = YES;
				MACOSX_DEPLOYMENT_TARGET = 10.7;
				ONLY_ACTIVE_ARCH = YES;
				SDKROOT = macosx;
			};
			name = Debug;
		};
		3D07E339150FB1F500D330F4 /* Release */ = {
			isa = XCBuildConfiguration;
			buildSettings = {
				ALWAYS_SEARCH_USER_PATHS = NO;
				ARCHS = "$(ARCHS_STANDARD_64_BIT)";
				CLANG_ENABLE_OBJC_ARC = YES;
				COPY_PHASE_STRIP = YES;
				DEBUG_INFORMATION_FORMAT = "dwarf-with-dsym";
				GCC_C_LANGUAGE_STANDARD = gnu99;
				GCC_ENABLE_OBJC_EXCEPTIONS = YES;
				GCC_VERSION = com.apple.compilers.llvm.clang.1_0;
				GCC_WARN_64_TO_32_BIT_CONVERSION = YES;
				GCC_WARN_ABOUT_MISSING_PROTOTYPES = YES;
				GCC_WARN_ABOUT_RETURN_TYPE = YES;
				GCC_WARN_UNUSED_VARIABLE = YES;
				MACOSX_DEPLOYMENT_TARGET = 10.7;
				SDKROOT = macosx;
			};
			name = Release;
		};
		3D07E33B150FB1F500D330F4 /* Debug */ = {
			isa = XCBuildConfiguration;
			buildSettings = {
				GCC_PRECOMPILE_PREFIX_HEADER = YES;
				GCC_PREFIX_HEADER = "Prueba Sobrecargas/Prueba Sobrecargas-Prefix.pch";
				PRODUCT_NAME = "$(TARGET_NAME)";
			};
			name = Debug;
		};
		3D07E33C150FB1F500D330F4 /* Release */ = {
			isa = XCBuildConfiguration;
			buildSettings = {
				GCC_PRECOMPILE_PREFIX_HEADER = YES;
				GCC_PREFIX_HEADER = "Prueba Sobrecargas/Prueba Sobrecargas-Prefix.pch";
				PRODUCT_NAME = "$(TARGET_NAME)";
			};
			name = Release;
		};
/* End XCBuildConfiguration section */

/* Begin XCConfigurationList section */
		3D07E325150FB1F500D330F4 /* Build configuration list for PBXProject "Prueba Sobrecargas" */ = {
			isa = XCConfigurationList;
			buildConfigurations = (
				3D07E338150FB1F500D330F4 /* Debug */,
				3D07E339150FB1F500D330F4 /* Release */,
			);
			defaultConfigurationIsVisible = 0;
			defaultConfigurationName = Release;
		};
		3D07E33A150FB1F500D330F4 /* Build configuration list for PBXNativeTarget "Prueba Sobrecargas" */ = {
			isa = XCConfigurationList;
			buildConfigurations = (
				3D07E33B150FB1F500D330F4 /* Debug */,
				3D07E33C150FB1F500D330F4 /* Release */,
			);
			defaultConfigurationIsVisible = 0;
		};
/* End XCConfigurationList section */
	};
	rootObject = 3D07E322150FB1F500D330F4 /* Project object */;
}
