// !$*UTF8*$!
{
	archiveVersion = 1;
	classes = {
	};
	objectVersion = 46;
	objects = {

/* Begin PBXBuildFile section */
		3D00DC97154B13F500AB4CFA /* UIKit.framework in Frameworks */ = {isa = PBXBuildFile; fileRef = 3D00DC96154B13F500AB4CFA /* UIKit.framework */; };
		3D00DC99154B13F500AB4CFA /* Foundation.framework in Frameworks */ = {isa = PBXBuildFile; fileRef = 3D00DC98154B13F500AB4CFA /* Foundation.framework */; };
		3D00DC9B154B13F500AB4CFA /* CoreGraphics.framework in Frameworks */ = {isa = PBXBuildFile; fileRef = 3D00DC9A154B13F500AB4CFA /* CoreGraphics.framework */; };
		3D00DCA1154B13F500AB4CFA /* InfoPlist.strings in Resources */ = {isa = PBXBuildFile; fileRef = 3D00DC9F154B13F500AB4CFA /* InfoPlist.strings */; };
		3D00DCA3154B13F500AB4CFA /* main.m in Sources */ = {isa = PBXBuildFile; fileRef = 3D00DCA2154B13F500AB4CFA /* main.m */; };
		3D00DCA7154B13F500AB4CFA /* AppDelegate.m in Sources */ = {isa = PBXBuildFile; fileRef = 3D00DCA6154B13F500AB4CFA /* AppDelegate.m */; };
		3D00DCAA154B13F500AB4CFA /* FirstViewController.m in Sources */ = {isa = PBXBuildFile; fileRef = 3D00DCA9154B13F500AB4CFA /* FirstViewController.m */; };
		3D00DCAC154B13F500AB4CFA /* first.png in Resources */ = {isa = PBXBuildFile; fileRef = 3D00DCAB154B13F500AB4CFA /* first.png */; };
		3D00DCAE154B13F500AB4CFA /* first@2x.png in Resources */ = {isa = PBXBuildFile; fileRef = 3D00DCAD154B13F500AB4CFA /* first@2x.png */; };
		3D00DCB1154B13F500AB4CFA /* SecondViewController.m in Sources */ = {isa = PBXBuildFile; fileRef = 3D00DCB0154B13F500AB4CFA /* SecondViewController.m */; };
		3D00DCB3154B13F500AB4CFA /* second.png in Resources */ = {isa = PBXBuildFile; fileRef = 3D00DCB2154B13F500AB4CFA /* second.png */; };
		3D00DCB5154B13F500AB4CFA /* second@2x.png in Resources */ = {isa = PBXBuildFile; fileRef = 3D00DCB4154B13F500AB4CFA /* second@2x.png */; };
		3D00DCB8154B13F500AB4CFA /* FirstViewController.xib in Resources */ = {isa = PBXBuildFile; fileRef = 3D00DCB6154B13F500AB4CFA /* FirstViewController.xib */; };
		3D00DCBB154B13F600AB4CFA /* SecondViewController.xib in Resources */ = {isa = PBXBuildFile; fileRef = 3D00DCB9154B13F600AB4CFA /* SecondViewController.xib */; };
/* End PBXBuildFile section */

/* Begin PBXFileReference section */
		3D00DC92154B13F500AB4CFA /* Pocket Safety.app */ = {isa = PBXFileReference; explicitFileType = wrapper.application; includeInIndex = 0; path = "Pocket Safety.app"; sourceTree = BUILT_PRODUCTS_DIR; };
		3D00DC96154B13F500AB4CFA /* UIKit.framework */ = {isa = PBXFileReference; lastKnownFileType = wrapper.framework; name = UIKit.framework; path = System/Library/Frameworks/UIKit.framework; sourceTree = SDKROOT; };
		3D00DC98154B13F500AB4CFA /* Foundation.framework */ = {isa = PBXFileReference; lastKnownFileType = wrapper.framework; name = Foundation.framework; path = System/Library/Frameworks/Foundation.framework; sourceTree = SDKROOT; };
		3D00DC9A154B13F500AB4CFA /* CoreGraphics.framework */ = {isa = PBXFileReference; lastKnownFileType = wrapper.framework; name = CoreGraphics.framework; path = System/Library/Frameworks/CoreGraphics.framework; sourceTree = SDKROOT; };
		3D00DC9E154B13F500AB4CFA /* Pocket Safety-Info.plist */ = {isa = PBXFileReference; path = "Pocket Safety-Info.plist"; sourceTree = "<group>"; };
		3D00DCA0154B13F500AB4CFA /* en */ = {isa = PBXFileReference; lastKnownFileType = text.plist.strings; name = en; path = en.lproj/InfoPlist.strings; sourceTree = "<group>"; };
		3D00DCA2154B13F500AB4CFA /* main.m */ = {isa = PBXFileReference; lastKnownFileType = sourcecode.c.objc; path = main.m; sourceTree = "<group>"; };
		3D00DCA4154B13F500AB4CFA /* Pocket Safety-Prefix.pch */ = {isa = PBXFileReference; path = "Pocket Safety-Prefix.pch"; sourceTree = "<group>"; };
		3D00DCA5154B13F500AB4CFA /* AppDelegate.h */ = {isa = PBXFileReference; path = AppDelegate.h; sourceTree = "<group>"; };
		3D00DCA6154B13F500AB4CFA /* AppDelegate.m */ = {isa = PBXFileReference; lastKnownFileType = sourcecode.c.objc; path = AppDelegate.m; sourceTree = "<group>"; };
		3D00DCA8154B13F500AB4CFA /* FirstViewController.h */ = {isa = PBXFileReference; path = FirstViewController.h; sourceTree = "<group>"; };
		3D00DCA9154B13F500AB4CFA /* FirstViewController.m */ = {isa = PBXFileReference; lastKnownFileType = sourcecode.c.objc; path = FirstViewController.m; sourceTree = "<group>"; };
		3D00DCAB154B13F500AB4CFA /* first.png */ = {isa = PBXFileReference; lastKnownFileType = image.png; path = first.png; sourceTree = "<group>"; };
		3D00DCAD154B13F500AB4CFA /* first@2x.png */ = {isa = PBXFileReference; lastKnownFileType = image.png; path = "first@2x.png"; sourceTree = "<group>"; };
		3D00DCAF154B13F500AB4CFA /* SecondViewController.h */ = {isa = PBXFileReference; path = SecondViewController.h; sourceTree = "<group>"; };
		3D00DCB0154B13F500AB4CFA /* SecondViewController.m */ = {isa = PBXFileReference; lastKnownFileType = sourcecode.c.objc; path = SecondViewController.m; sourceTree = "<group>"; };
		3D00DCB2154B13F500AB4CFA /* second.png */ = {isa = PBXFileReference; lastKnownFileType = image.png; path = second.png; sourceTree = "<group>"; };
		3D00DCB4154B13F500AB4CFA /* second@2x.png */ = {isa = PBXFileReference; lastKnownFileType = image.png; path = "second@2x.png"; sourceTree = "<group>"; };
		3D00DCB7154B13F500AB4CFA /* en */ = {isa = PBXFileReference; lastKnownFileType = file.xib; name = en; path = en.lproj/FirstViewController.xib; sourceTree = "<group>"; };
		3D00DCBA154B13F600AB4CFA /* en */ = {isa = PBXFileReference; lastKnownFileType = file.xib; name = en; path = en.lproj/SecondViewController.xib; sourceTree = "<group>"; };
/* End PBXFileReference section */

/* Begin PBXFrameworksBuildPhase section */
		3D00DC8F154B13F500AB4CFA /* Frameworks */ = {
			isa = PBXFrameworksBuildPhase;
			buildActionMask = 2147483647;
			files = (
				3D00DC97154B13F500AB4CFA /* UIKit.framework in Frameworks */,
				3D00DC99154B13F500AB4CFA /* Foundation.framework in Frameworks */,
				3D00DC9B154B13F500AB4CFA /* CoreGraphics.framework in Frameworks */,
			);
			runOnlyForDeploymentPostprocessing = 0;
		};
/* End PBXFrameworksBuildPhase section */

/* Begin PBXGroup section */
		3D00DC87154B13F500AB4CFA = {
			isa = PBXGroup;
			children = (
				3D00DC9C154B13F500AB4CFA /* Pocket Safety */,
				3D00DC95154B13F500AB4CFA /* Frameworks */,
				3D00DC93154B13F500AB4CFA /* Products */,
			);
			sourceTree = "<group>";
		};
		3D00DC93154B13F500AB4CFA /* Products */ = {
			isa = PBXGroup;
			children = (
				3D00DC92154B13F500AB4CFA /* Pocket Safety.app */,
			);
			name = Products;
			sourceTree = "<group>";
		};
		3D00DC95154B13F500AB4CFA /* Frameworks */ = {
			isa = PBXGroup;
			children = (
				3D00DC96154B13F500AB4CFA /* UIKit.framework */,
				3D00DC98154B13F500AB4CFA /* Foundation.framework */,
				3D00DC9A154B13F500AB4CFA /* CoreGraphics.framework */,
			);
			name = Frameworks;
			sourceTree = "<group>";
		};
		3D00DC9C154B13F500AB4CFA /* Pocket Safety */ = {
			isa = PBXGroup;
			children = (
				3D00DCA5154B13F500AB4CFA /* AppDelegate.h */,
				3D00DCA6154B13F500AB4CFA /* AppDelegate.m */,
				3D00DCA8154B13F500AB4CFA /* FirstViewController.h */,
				3D00DCA9154B13F500AB4CFA /* FirstViewController.m */,
				3D00DCAB154B13F500AB4CFA /* first.png */,
				3D00DCAD154B13F500AB4CFA /* first@2x.png */,
				3D00DCAF154B13F500AB4CFA /* SecondViewController.h */,
				3D00DCB0154B13F500AB4CFA /* SecondViewController.m */,
				3D00DCB2154B13F500AB4CFA /* second.png */,
				3D00DCB4154B13F500AB4CFA /* second@2x.png */,
				3D00DCB6154B13F500AB4CFA /* FirstViewController.xib */,
				3D00DCB9154B13F600AB4CFA /* SecondViewController.xib */,
				3D00DC9D154B13F500AB4CFA /* Supporting Files */,
			);
			path = "Pocket Safety";
			sourceTree = "<group>";
		};
		3D00DC9D154B13F500AB4CFA /* Supporting Files */ = {
			isa = PBXGroup;
			children = (
				3D00DC9E154B13F500AB4CFA /* Pocket Safety-Info.plist */,
				3D00DC9F154B13F500AB4CFA /* InfoPlist.strings */,
				3D00DCA2154B13F500AB4CFA /* main.m */,
				3D00DCA4154B13F500AB4CFA /* Pocket Safety-Prefix.pch */,
			);
			name = "Supporting Files";
			sourceTree = "<group>";
		};
/* End PBXGroup section */

/* Begin PBXNativeTarget section */
		3D00DC91154B13F500AB4CFA /* Pocket Safety */ = {
			isa = PBXNativeTarget;
			buildConfigurationList = 3D00DCBE154B13F600AB4CFA /* Build configuration list for PBXNativeTarget "Pocket Safety" */;
			buildPhases = (
				3D00DC8E154B13F500AB4CFA /* Sources */,
				3D00DC8F154B13F500AB4CFA /* Frameworks */,
				3D00DC90154B13F500AB4CFA /* Resources */,
			);
			buildRules = (
			);
			dependencies = (
			);
			name = "Pocket Safety";
			productName = "Pocket Safety";
			productReference = 3D00DC92154B13F500AB4CFA /* Pocket Safety.app */;
			productType = "com.apple.product-type.application";
		};
/* End PBXNativeTarget section */

/* Begin PBXProject section */
		3D00DC89154B13F500AB4CFA /* Project object */ = {
			isa = PBXProject;
			attributes = {
				LastUpgradeCheck = 0420;
			};
			buildConfigurationList = 3D00DC8C154B13F500AB4CFA /* Build configuration list for PBXProject "Pocket Safety" */;
			compatibilityVersion = "Xcode 3.2";
			developmentRegion = English;
			hasScannedForEncodings = 0;
			knownRegions = (
				en,
			);
			mainGroup = 3D00DC87154B13F500AB4CFA;
			productRefGroup = 3D00DC93154B13F500AB4CFA /* Products */;
			projectDirPath = "";
			projectRoot = "";
			targets = (
				3D00DC91154B13F500AB4CFA /* Pocket Safety */,
			);
		};
/* End PBXProject section */

/* Begin PBXResourcesBuildPhase section */
		3D00DC90154B13F500AB4CFA /* Resources */ = {
			isa = PBXResourcesBuildPhase;
			buildActionMask = 2147483647;
			files = (
				3D00DCA1154B13F500AB4CFA /* InfoPlist.strings in Resources */,
				3D00DCAC154B13F500AB4CFA /* first.png in Resources */,
				3D00DCAE154B13F500AB4CFA /* first@2x.png in Resources */,
				3D00DCB3154B13F500AB4CFA /* second.png in Resources */,
				3D00DCB5154B13F500AB4CFA /* second@2x.png in Resources */,
				3D00DCB8154B13F500AB4CFA /* FirstViewController.xib in Resources */,
				3D00DCBB154B13F600AB4CFA /* SecondViewController.xib in Resources */,
			);
			runOnlyForDeploymentPostprocessing = 0;
		};
/* End PBXResourcesBuildPhase section */

/* Begin PBXSourcesBuildPhase section */
		3D00DC8E154B13F500AB4CFA /* Sources */ = {
			isa = PBXSourcesBuildPhase;
			buildActionMask = 2147483647;
			files = (
				3D00DCA3154B13F500AB4CFA /* main.m in Sources */,
				3D00DCA7154B13F500AB4CFA /* AppDelegate.m in Sources */,
				3D00DCAA154B13F500AB4CFA /* FirstViewController.m in Sources */,
				3D00DCB1154B13F500AB4CFA /* SecondViewController.m in Sources */,
			);
			runOnlyForDeploymentPostprocessing = 0;
		};
/* End PBXSourcesBuildPhase section */

/* Begin PBXVariantGroup section */
		3D00DC9F154B13F500AB4CFA /* InfoPlist.strings */ = {
			isa = PBXVariantGroup;
			children = (
				3D00DCA0154B13F500AB4CFA /* en */,
			);
			name = InfoPlist.strings;
			sourceTree = "<group>";
		};
		3D00DCB6154B13F500AB4CFA /* FirstViewController.xib */ = {
			isa = PBXVariantGroup;
			children = (
				3D00DCB7154B13F500AB4CFA /* en */,
			);
			name = FirstViewController.xib;
			sourceTree = "<group>";
		};
		3D00DCB9154B13F600AB4CFA /* SecondViewController.xib */ = {
			isa = PBXVariantGroup;
			children = (
				3D00DCBA154B13F600AB4CFA /* en */,
			);
			name = SecondViewController.xib;
			sourceTree = "<group>";
		};
/* End PBXVariantGroup section */

/* Begin XCBuildConfiguration section */
		3D00DCBC154B13F600AB4CFA /* Debug */ = {
			isa = XCBuildConfiguration;
			buildSettings = {
				ALWAYS_SEARCH_USER_PATHS = NO;
				ARCHS = "$(ARCHS_STANDARD_32_BIT)";
				CLANG_ENABLE_OBJC_ARC = YES;
				"CODE_SIGN_IDENTITY[sdk=iphoneos*]" = "iPhone Developer";
				COPY_PHASE_STRIP = NO;
				GCC_C_LANGUAGE_STANDARD = gnu99;
				GCC_DYNAMIC_NO_PIC = NO;
				GCC_OPTIMIZATION_LEVEL = 0;
				GCC_PREPROCESSOR_DEFINITIONS = (
					"DEBUG=1",
					"$(inherited)",
				);
				GCC_SYMBOLS_PRIVATE_EXTERN = NO;
				GCC_VERSION = com.apple.compilers.llvm.clang.1_0;
				GCC_WARN_ABOUT_MISSING_PROTOTYPES = YES;
				GCC_WARN_ABOUT_RETURN_TYPE = YES;
				GCC_WARN_UNUSED_VARIABLE = YES;
				IPHONEOS_DEPLOYMENT_TARGET = 5.0;
				SDKROOT = iphoneos;
			};
			name = Debug;
		};
		3D00DCBD154B13F600AB4CFA /* Release */ = {
			isa = XCBuildConfiguration;
			buildSettings = {
				ALWAYS_SEARCH_USER_PATHS = NO;
				ARCHS = "$(ARCHS_STANDARD_32_BIT)";
				CLANG_ENABLE_OBJC_ARC = YES;
				"CODE_SIGN_IDENTITY[sdk=iphoneos*]" = "iPhone Developer";
				COPY_PHASE_STRIP = YES;
				GCC_C_LANGUAGE_STANDARD = gnu99;
				GCC_VERSION = com.apple.compilers.llvm.clang.1_0;
				GCC_WARN_ABOUT_MISSING_PROTOTYPES = YES;
				GCC_WARN_ABOUT_RETURN_TYPE = YES;
				GCC_WARN_UNUSED_VARIABLE = YES;
				IPHONEOS_DEPLOYMENT_TARGET = 5.0;
				OTHER_CFLAGS = "-DNS_BLOCK_ASSERTIONS=1";
				SDKROOT = iphoneos;
				VALIDATE_PRODUCT = YES;
			};
			name = Release;
		};
		3D00DCBF154B13F600AB4CFA /* Debug */ = {
			isa = XCBuildConfiguration;
			buildSettings = {
				GCC_PRECOMPILE_PREFIX_HEADER = YES;
				GCC_PREFIX_HEADER = "Pocket Safety/Pocket Safety-Prefix.pch";
				INFOPLIST_FILE = "Pocket Safety/Pocket Safety-Info.plist";
				PRODUCT_NAME = "$(TARGET_NAME)";
				WRAPPER_EXTENSION = app;
			};
			name = Debug;
		};
		3D00DCC0154B13F600AB4CFA /* Release */ = {
			isa = XCBuildConfiguration;
			buildSettings = {
				GCC_PRECOMPILE_PREFIX_HEADER = YES;
				GCC_PREFIX_HEADER = "Pocket Safety/Pocket Safety-Prefix.pch";
				INFOPLIST_FILE = "Pocket Safety/Pocket Safety-Info.plist";
				PRODUCT_NAME = "$(TARGET_NAME)";
				WRAPPER_EXTENSION = app;
			};
			name = Release;
		};
/* End XCBuildConfiguration section */

/* Begin XCConfigurationList section */
		3D00DC8C154B13F500AB4CFA /* Build configuration list for PBXProject "Pocket Safety" */ = {
			isa = XCConfigurationList;
			buildConfigurations = (
				3D00DCBC154B13F600AB4CFA /* Debug */,
				3D00DCBD154B13F600AB4CFA /* Release */,
			);
			defaultConfigurationIsVisible = 0;
			defaultConfigurationName = Release;
		};
		3D00DCBE154B13F600AB4CFA /* Build configuration list for PBXNativeTarget "Pocket Safety" */ = {
			isa = XCConfigurationList;
			buildConfigurations = (
				3D00DCBF154B13F600AB4CFA /* Debug */,
				3D00DCC0154B13F600AB4CFA /* Release */,
			);
			defaultConfigurationIsVisible = 0;
		};
/* End XCConfigurationList section */
	};
	rootObject = 3D00DC89154B13F500AB4CFA /* Project object */;
}
