// !$*UTF8*$!
{
	archiveVersion = 1;
	classes = {
	};
	objectVersion = 46;
	objects = {

/* Begin PBXBuildFile section */
		3DA56D92150F9B380060321C /* UIKit.framework in Frameworks */ = {isa = PBXBuildFile; fileRef = 3DA56D91150F9B380060321C /* UIKit.framework */; };
		3DA56D94150F9B380060321C /* Foundation.framework in Frameworks */ = {isa = PBXBuildFile; fileRef = 3DA56D93150F9B380060321C /* Foundation.framework */; };
		3DA56D96150F9B380060321C /* CoreGraphics.framework in Frameworks */ = {isa = PBXBuildFile; fileRef = 3DA56D95150F9B380060321C /* CoreGraphics.framework */; };
		3DA56D9C150F9B380060321C /* InfoPlist.strings in Resources */ = {isa = PBXBuildFile; fileRef = 3DA56D9A150F9B380060321C /* InfoPlist.strings */; };
		3DA56D9E150F9B380060321C /* main.m in Sources */ = {isa = PBXBuildFile; fileRef = 3DA56D9D150F9B380060321C /* main.m */; };
		3DA56DA2150F9B380060321C /* AppDelegate.m in Sources */ = {isa = PBXBuildFile; fileRef = 3DA56DA1150F9B380060321C /* AppDelegate.m */; };
		3DA56DA5150F9B380060321C /* ViewController.m in Sources */ = {isa = PBXBuildFile; fileRef = 3DA56DA4150F9B380060321C /* ViewController.m */; };
		3DA56DA8150F9B380060321C /* ViewController.xib in Resources */ = {isa = PBXBuildFile; fileRef = 3DA56DA6150F9B380060321C /* ViewController.xib */; };
/* End PBXBuildFile section */

/* Begin PBXFileReference section */
		3DA56D8D150F9B380060321C /* PruebaWebView.app */ = {isa = PBXFileReference; explicitFileType = wrapper.application; includeInIndex = 0; path = PruebaWebView.app; sourceTree = BUILT_PRODUCTS_DIR; };
		3DA56D91150F9B380060321C /* UIKit.framework */ = {isa = PBXFileReference; lastKnownFileType = wrapper.framework; name = UIKit.framework; path = System/Library/Frameworks/UIKit.framework; sourceTree = SDKROOT; };
		3DA56D93150F9B380060321C /* Foundation.framework */ = {isa = PBXFileReference; lastKnownFileType = wrapper.framework; name = Foundation.framework; path = System/Library/Frameworks/Foundation.framework; sourceTree = SDKROOT; };
		3DA56D95150F9B380060321C /* CoreGraphics.framework */ = {isa = PBXFileReference; lastKnownFileType = wrapper.framework; name = CoreGraphics.framework; path = System/Library/Frameworks/CoreGraphics.framework; sourceTree = SDKROOT; };
		3DA56D99150F9B380060321C /* PruebaWebView-Info.plist */ = {isa = PBXFileReference; path = "PruebaWebView-Info.plist"; sourceTree = "<group>"; };
		3DA56D9B150F9B380060321C /* en */ = {isa = PBXFileReference; lastKnownFileType = text.plist.strings; name = en; path = en.lproj/InfoPlist.strings; sourceTree = "<group>"; };
		3DA56D9D150F9B380060321C /* main.m */ = {isa = PBXFileReference; lastKnownFileType = sourcecode.c.objc; path = main.m; sourceTree = "<group>"; };
		3DA56D9F150F9B380060321C /* PruebaWebView-Prefix.pch */ = {isa = PBXFileReference; path = "PruebaWebView-Prefix.pch"; sourceTree = "<group>"; };
		3DA56DA0150F9B380060321C /* AppDelegate.h */ = {isa = PBXFileReference; path = AppDelegate.h; sourceTree = "<group>"; };
		3DA56DA1150F9B380060321C /* AppDelegate.m */ = {isa = PBXFileReference; lastKnownFileType = sourcecode.c.objc; path = AppDelegate.m; sourceTree = "<group>"; };
		3DA56DA3150F9B380060321C /* ViewController.h */ = {isa = PBXFileReference; path = ViewController.h; sourceTree = "<group>"; };
		3DA56DA4150F9B380060321C /* ViewController.m */ = {isa = PBXFileReference; lastKnownFileType = sourcecode.c.objc; path = ViewController.m; sourceTree = "<group>"; };
		3DA56DA7150F9B380060321C /* en */ = {isa = PBXFileReference; lastKnownFileType = file.xib; name = en; path = en.lproj/ViewController.xib; sourceTree = "<group>"; };
/* End PBXFileReference section */

/* Begin PBXFrameworksBuildPhase section */
		3DA56D8A150F9B380060321C /* Frameworks */ = {
			isa = PBXFrameworksBuildPhase;
			buildActionMask = 2147483647;
			files = (
				3DA56D92150F9B380060321C /* UIKit.framework in Frameworks */,
				3DA56D94150F9B380060321C /* Foundation.framework in Frameworks */,
				3DA56D96150F9B380060321C /* CoreGraphics.framework in Frameworks */,
			);
			runOnlyForDeploymentPostprocessing = 0;
		};
/* End PBXFrameworksBuildPhase section */

/* Begin PBXGroup section */
		3DA56D82150F9B380060321C = {
			isa = PBXGroup;
			children = (
				3DA56D97150F9B380060321C /* PruebaWebView */,
				3DA56D90150F9B380060321C /* Frameworks */,
				3DA56D8E150F9B380060321C /* Products */,
			);
			sourceTree = "<group>";
		};
		3DA56D8E150F9B380060321C /* Products */ = {
			isa = PBXGroup;
			children = (
				3DA56D8D150F9B380060321C /* PruebaWebView.app */,
			);
			name = Products;
			sourceTree = "<group>";
		};
		3DA56D90150F9B380060321C /* Frameworks */ = {
			isa = PBXGroup;
			children = (
				3DA56D91150F9B380060321C /* UIKit.framework */,
				3DA56D93150F9B380060321C /* Foundation.framework */,
				3DA56D95150F9B380060321C /* CoreGraphics.framework */,
			);
			name = Frameworks;
			sourceTree = "<group>";
		};
		3DA56D97150F9B380060321C /* PruebaWebView */ = {
			isa = PBXGroup;
			children = (
				3DA56DA0150F9B380060321C /* AppDelegate.h */,
				3DA56DA1150F9B380060321C /* AppDelegate.m */,
				3DA56DA3150F9B380060321C /* ViewController.h */,
				3DA56DA4150F9B380060321C /* ViewController.m */,
				3DA56DA6150F9B380060321C /* ViewController.xib */,
				3DA56D98150F9B380060321C /* Supporting Files */,
			);
			path = PruebaWebView;
			sourceTree = "<group>";
		};
		3DA56D98150F9B380060321C /* Supporting Files */ = {
			isa = PBXGroup;
			children = (
				3DA56D99150F9B380060321C /* PruebaWebView-Info.plist */,
				3DA56D9A150F9B380060321C /* InfoPlist.strings */,
				3DA56D9D150F9B380060321C /* main.m */,
				3DA56D9F150F9B380060321C /* PruebaWebView-Prefix.pch */,
			);
			name = "Supporting Files";
			sourceTree = "<group>";
		};
/* End PBXGroup section */

/* Begin PBXNativeTarget section */
		3DA56D8C150F9B380060321C /* PruebaWebView */ = {
			isa = PBXNativeTarget;
			buildConfigurationList = 3DA56DAB150F9B380060321C /* Build configuration list for PBXNativeTarget "PruebaWebView" */;
			buildPhases = (
				3DA56D89150F9B380060321C /* Sources */,
				3DA56D8A150F9B380060321C /* Frameworks */,
				3DA56D8B150F9B380060321C /* Resources */,
			);
			buildRules = (
			);
			dependencies = (
			);
			name = PruebaWebView;
			productName = PruebaWebView;
			productReference = 3DA56D8D150F9B380060321C /* PruebaWebView.app */;
			productType = "com.apple.product-type.application";
		};
/* End PBXNativeTarget section */

/* Begin PBXProject section */
		3DA56D84150F9B380060321C /* Project object */ = {
			isa = PBXProject;
			attributes = {
				LastUpgradeCheck = 0420;
			};
			buildConfigurationList = 3DA56D87150F9B380060321C /* Build configuration list for PBXProject "PruebaWebView" */;
			compatibilityVersion = "Xcode 3.2";
			developmentRegion = English;
			hasScannedForEncodings = 0;
			knownRegions = (
				en,
			);
			mainGroup = 3DA56D82150F9B380060321C;
			productRefGroup = 3DA56D8E150F9B380060321C /* Products */;
			projectDirPath = "";
			projectRoot = "";
			targets = (
				3DA56D8C150F9B380060321C /* PruebaWebView */,
			);
		};
/* End PBXProject section */

/* Begin PBXResourcesBuildPhase section */
		3DA56D8B150F9B380060321C /* Resources */ = {
			isa = PBXResourcesBuildPhase;
			buildActionMask = 2147483647;
			files = (
				3DA56D9C150F9B380060321C /* InfoPlist.strings in Resources */,
				3DA56DA8150F9B380060321C /* ViewController.xib in Resources */,
			);
			runOnlyForDeploymentPostprocessing = 0;
		};
/* End PBXResourcesBuildPhase section */

/* Begin PBXSourcesBuildPhase section */
		3DA56D89150F9B380060321C /* Sources */ = {
			isa = PBXSourcesBuildPhase;
			buildActionMask = 2147483647;
			files = (
				3DA56D9E150F9B380060321C /* main.m in Sources */,
				3DA56DA2150F9B380060321C /* AppDelegate.m in Sources */,
				3DA56DA5150F9B380060321C /* ViewController.m in Sources */,
			);
			runOnlyForDeploymentPostprocessing = 0;
		};
/* End PBXSourcesBuildPhase section */

/* Begin PBXVariantGroup section */
		3DA56D9A150F9B380060321C /* InfoPlist.strings */ = {
			isa = PBXVariantGroup;
			children = (
				3DA56D9B150F9B380060321C /* en */,
			);
			name = InfoPlist.strings;
			sourceTree = "<group>";
		};
		3DA56DA6150F9B380060321C /* ViewController.xib */ = {
			isa = PBXVariantGroup;
			children = (
				3DA56DA7150F9B380060321C /* en */,
			);
			name = ViewController.xib;
			sourceTree = "<group>";
		};
/* End PBXVariantGroup section */

/* Begin XCBuildConfiguration section */
		3DA56DA9150F9B380060321C /* Debug */ = {
			isa = XCBuildConfiguration;
			buildSettings = {
				ALWAYS_SEARCH_USER_PATHS = NO;
				ARCHS = "$(ARCHS_STANDARD_32_BIT)";
				CLANG_ENABLE_OBJC_ARC = YES;
				"CODE_SIGN_IDENTITY[sdk=iphoneos*]" = "iPhone Developer";
				COPY_PHASE_STRIP = NO;
				GCC_C_LANGUAGE_STANDARD = gnu99;
				GCC_DYNAMIC_NO_PIC = NO;
				GCC_OPTIMIZATION_LEVEL = 0;
				GCC_PREPROCESSOR_DEFINITIONS = (
					"DEBUG=1",
					"$(inherited)",
				);
				GCC_SYMBOLS_PRIVATE_EXTERN = NO;
				GCC_VERSION = com.apple.compilers.llvm.clang.1_0;
				GCC_WARN_ABOUT_MISSING_PROTOTYPES = YES;
				GCC_WARN_ABOUT_RETURN_TYPE = YES;
				GCC_WARN_UNUSED_VARIABLE = YES;
				IPHONEOS_DEPLOYMENT_TARGET = 5.0;
				SDKROOT = iphoneos;
				TARGETED_DEVICE_FAMILY = 2;
			};
			name = Debug;
		};
		3DA56DAA150F9B380060321C /* Release */ = {
			isa = XCBuildConfiguration;
			buildSettings = {
				ALWAYS_SEARCH_USER_PATHS = NO;
				ARCHS = "$(ARCHS_STANDARD_32_BIT)";
				CLANG_ENABLE_OBJC_ARC = YES;
				"CODE_SIGN_IDENTITY[sdk=iphoneos*]" = "iPhone Developer";
				COPY_PHASE_STRIP = YES;
				GCC_C_LANGUAGE_STANDARD = gnu99;
				GCC_VERSION = com.apple.compilers.llvm.clang.1_0;
				GCC_WARN_ABOUT_MISSING_PROTOTYPES = YES;
				GCC_WARN_ABOUT_RETURN_TYPE = YES;
				GCC_WARN_UNUSED_VARIABLE = YES;
				IPHONEOS_DEPLOYMENT_TARGET = 5.0;
				OTHER_CFLAGS = "-DNS_BLOCK_ASSERTIONS=1";
				SDKROOT = iphoneos;
				TARGETED_DEVICE_FAMILY = 2;
				VALIDATE_PRODUCT = YES;
			};
			name = Release;
		};
		3DA56DAC150F9B380060321C /* Debug */ = {
			isa = XCBuildConfiguration;
			buildSettings = {
				GCC_PRECOMPILE_PREFIX_HEADER = YES;
				GCC_PREFIX_HEADER = "PruebaWebView/PruebaWebView-Prefix.pch";
				INFOPLIST_FILE = "PruebaWebView/PruebaWebView-Info.plist";
				PRODUCT_NAME = "$(TARGET_NAME)";
				WRAPPER_EXTENSION = app;
			};
			name = Debug;
		};
		3DA56DAD150F9B380060321C /* Release */ = {
			isa = XCBuildConfiguration;
			buildSettings = {
				GCC_PRECOMPILE_PREFIX_HEADER = YES;
				GCC_PREFIX_HEADER = "PruebaWebView/PruebaWebView-Prefix.pch";
				INFOPLIST_FILE = "PruebaWebView/PruebaWebView-Info.plist";
				PRODUCT_NAME = "$(TARGET_NAME)";
				WRAPPER_EXTENSION = app;
			};
			name = Release;
		};
/* End XCBuildConfiguration section */

/* Begin XCConfigurationList section */
		3DA56D87150F9B380060321C /* Build configuration list for PBXProject "PruebaWebView" */ = {
			isa = XCConfigurationList;
			buildConfigurations = (
				3DA56DA9150F9B380060321C /* Debug */,
				3DA56DAA150F9B380060321C /* Release */,
			);
			defaultConfigurationIsVisible = 0;
			defaultConfigurationName = Release;
		};
		3DA56DAB150F9B380060321C /* Build configuration list for PBXNativeTarget "PruebaWebView" */ = {
			isa = XCConfigurationList;
			buildConfigurations = (
				3DA56DAC150F9B380060321C /* Debug */,
				3DA56DAD150F9B380060321C /* Release */,
			);
			defaultConfigurationIsVisible = 0;
		};
/* End XCConfigurationList section */
	};
	rootObject = 3DA56D84150F9B380060321C /* Project object */;
}
